
Microsoft Visual Studio Solution File, Format Version 12.00
# Visual Studio Version 16
VisualStudioVersion = 16.0.29519.87
MinimumVisualStudioVersion = 10.0.40219.1
Project("{9A19103F-16F7-4668-BE54-9A1E7A4F7556}") = "ConsoleApp", "ConsoleApp.csproj", "{DFC26A5B-2160-4F6A-9592-C7CC1E445AA0}"
EndProject
Project("{FAE04EC0-301F-11D3-BF4B-00C04F79EFBC}") = "UnitTest", "..\UnitTest\UnitTest.csproj", "{33A4E84C-F4E0-401D-9F2B-1036BCDD7F78}"
EndProject
Global
	GlobalSection(SolutionConfigurationPlatforms) = preSolution
		Debug|Any CPU = Debug|Any CPU
		Release|Any CPU = Release|Any CPU
	EndGlobalSection
	GlobalSection(ProjectConfigurationPlatforms) = postSolution
		{DFC26A5B-2160-4F6A-9592-C7CC1E445AA0}.Debug|Any CPU.ActiveCfg = Debug|Any CPU
		{DFC26A5B-2160-4F6A-9592-C7CC1E445AA0}.Debug|Any CPU.Build.0 = Debug|Any CPU
		{DFC26A5B-2160-4F6A-9592-C7CC1E445AA0}.Release|Any CPU.ActiveCfg = Release|Any CPU
		{DFC26A5B-2160-4F6A-9592-C7CC1E445AA0}.Release|Any CPU.Build.0 = Release|Any CPU
		{33A4E84C-F4E0-401D-9F2B-1036BCDD7F78}.Debug|Any CPU.ActiveCfg = Debug|Any CPU
		{33A4E84C-F4E0-401D-9F2B-1036BCDD7F78}.Debug|Any CPU.Build.0 = Debug|Any CPU
		{33A4E84C-F4E0-401D-9F2B-1036BCDD7F78}.Release|Any CPU.ActiveCfg = Release|Any CPU
		{33A4E84C-F4E0-401D-9F2B-1036BCDD7F78}.Release|Any CPU.Build.0 = Release|Any CPU
	EndGlobalSection
	GlobalSection(SolutionProperties) = preSolution
		HideSolutionNode = FALSE
	EndGlobalSection
	GlobalSection(ExtensibilityGlobals) = postSolution
		SolutionGuid = {F9C62B57-EB15-4D77-A521-88EEAC7620FB}
	EndGlobalSection
EndGlobal
